{"1.2.0",
[{<<"meck">>,{pkg,<<"meck">>,<<"1.2.0">>},0},
 {<<"rebar3_dirs">>,{pkg,<<"rebar3_dirs">>,<<"0.1.0">>},0}]}.
[
{pkg_hash,[
 {<<"meck">>, <<"C3618447506589A2931BE80D006EA883AFF156DD56E8822F7C1BB49896E94EDB">>},
 {<<"rebar3_dirs">>, <<"2CE245B69309A43FCFCC902B739F678257F1AB7A78BD6CFA923BB652C316D879">>}]},
{pkg_hash_ext,[
 {<<"meck">>, <<"A2CFD08306EF4992DB7CD2AA3521B797456ABEC9F562F3F0341633052DEE4AF9">>},
 {<<"rebar3_dirs">>, <<"1B9FFAC770AF4CF77945ED4DAD22FF30BD999514765B5CCA11C7E5580CDB6720">>}]}
].
